
Microsoft Visual Studio Solution File, Format Version 12.00
# Visual Studio 14
VisualStudioVersion = 14.0.23107.0
MinimumVisualStudioVersion = 10.0.40219.1
Project("{FAE04EC0-301F-11D3-BF4B-00C04F79EFBC}") = "NotepadKeeper", "NotepadKeeper\NotepadKeeper.csproj", "{DADB168A-1EEE-4F16-A2A1-3869414BBB8D}"
EndProject
Global
	GlobalSection(SolutionConfigurationPlatforms) = preSolution
		Debug|Any CPU = Debug|Any CPU
		Release|Any CPU = Release|Any CPU
	EndGlobalSection
	GlobalSection(ProjectConfigurationPlatforms) = postSolution
		{DADB168A-1EEE-4F16-A2A1-3869414BBB8D}.Debug|Any CPU.ActiveCfg = Debug|Any CPU
		{DADB168A-1EEE-4F16-A2A1-3869414BBB8D}.Debug|Any CPU.Build.0 = Debug|Any CPU
		{DADB168A-1EEE-4F16-A2A1-3869414BBB8D}.Release|Any CPU.ActiveCfg = Release|Any CPU
		{DADB168A-1EEE-4F16-A2A1-3869414BBB8D}.Release|Any CPU.Build.0 = Release|Any CPU
	EndGlobalSection
	GlobalSection(SolutionProperties) = preSolution
		HideSolutionNode = FALSE
	EndGlobalSection
EndGlobal
